
Microsoft Visual Studio Solution File, Format Version 12.00
# Visual Studio Version 17
VisualStudioVersion = 17.1.32228.430
MinimumVisualStudioVersion = 10.0.40219.1
Project("{9A19103F-16F7-4668-BE54-9A1E7A4F7556}") = "HtmlGenerator", "HtmlGenerator\HtmlGenerator.csproj", "{A5973EE6-BF34-40F8-981C-57545E2395FF}"
EndProject
Project("{2150E333-8FDC-42A3-9474-1A3956D46DE8}") = "Solution Items", "Solution Items", "{D8877F8F-F43C-4CCE-96B7-4426D2BBE573}"
	ProjectSection(SolutionItems) = preProject
		.gitignore = .gitignore
		Directory.Build.props = Directory.Build.props
		README.md = README.md
	EndProjectSection
EndProject
Project("{2150E333-8FDC-42A3-9474-1A3956D46DE8}") = "wiki", "wiki", "{408ADE05-0007-4896-803D-C1712AE2523B}"
	ProjectSection(SolutionItems) = preProject
		ssl.md = ssl.md
		systemd.md = systemd.md
		TODO.md = TODO.md
	EndProjectSection
EndProject
Project("{2150E333-8FDC-42A3-9474-1A3956D46DE8}") = "deploy", "deploy", "{5D753FB6-A051-4E01-B3DB-7283CEC9CDD5}"
	ProjectSection(SolutionItems) = preProject
		deploy\fakemailsmtpserver.service = deploy\fakemailsmtpserver.service
		deploy\hosts = deploy\hosts
		deploy\nginx.yaml = deploy\nginx.yaml
		deploy\smtpserver-debug.yaml = deploy\smtpserver-debug.yaml
		deploy\smtpserver-setup.yaml = deploy\smtpserver-setup.yaml
		deploy\smtpserver.yaml = deploy\smtpserver.yaml
	EndProjectSection
EndProject
Project("{9A19103F-16F7-4668-BE54-9A1E7A4F7556}") = "Fakemail.Core", "Fakemail.Core\Fakemail.Core.csproj", "{316906F9-8759-4DCB-A26B-B94EDA7B2022}"
EndProject
Project("{9A19103F-16F7-4668-BE54-9A1E7A4F7556}") = "Fakemail.Data", "Fakemail.Data\Fakemail.Data.csproj", "{47A37961-A494-476E-8F77-1ECF6EE5BB0B}"
EndProject
Project("{2150E333-8FDC-42A3-9474-1A3956D46DE8}") = ".github", ".github", "{BE16B2F7-A0E9-465A-BD9B-3EA6D9993FEC}"
EndProject
Project("{2150E333-8FDC-42A3-9474-1A3956D46DE8}") = "workflows", "workflows", "{218073D3-A07B-44A0-A503-94B517A9F4BA}"
	ProjectSection(SolutionItems) = preProject
		.github\workflows\dotnet-core.yml = .github\workflows\dotnet-core.yml
		.github\workflows\superlinter.yml = .github\workflows\superlinter.yml
	EndProjectSection
EndProject
Project("{9A19103F-16F7-4668-BE54-9A1E7A4F7556}") = "Fakemail.DataModels", "Fakemail.DataModels\Fakemail.DataModels.csproj", "{4A5A5BBB-F4CD-49D4-9BC6-720D1B9EEAE2}"
EndProject
Project("{9A19103F-16F7-4668-BE54-9A1E7A4F7556}") = "Fakemail.Data.EntityFramework", "Fakemail.Data.EntityFramework\Fakemail.Data.EntityFramework.csproj", "{50F09750-5AA6-4FDA-A53C-E37824CC61A6}"
EndProject
Project("{9A19103F-16F7-4668-BE54-9A1E7A4F7556}") = "Fakemail.ApiModels", "Fakemail.ApiModels\Fakemail.ApiModels.csproj", "{AEB2143D-9448-4994-921A-58CA57E52E4B}"
EndProject
Project("{9A19103F-16F7-4668-BE54-9A1E7A4F7556}") = "Fakemail.IntegrationTests", "Fakemail.IntegrationTests\Fakemail.IntegrationTests.csproj", "{0EEEEBC1-7228-45E3-B4DF-443347C641B2}"
EndProject
Project("{9A19103F-16F7-4668-BE54-9A1E7A4F7556}") = "Fakemail.Api", "Fakemail.Api\Fakemail.Api.csproj", "{FDC7A4A0-5024-41E0-A851-87183F76E8D9}"
EndProject
Project("{9A19103F-16F7-4668-BE54-9A1E7A4F7556}") = "Fakemail.Web", "Fakemail.Web\Fakemail.Web.csproj", "{3B9BE731-3B9E-46CD-A860-90F5C56F3754}"
EndProject
Project("{FAE04EC0-301F-11D3-BF4B-00C04F79EFBC}") = "Fakemail.DeliveryAgent", "Fakemail.DeliveryAgent\Fakemail.DeliveryAgent.csproj", "{8BD2C96B-B282-4E46-A297-AF08756FEF9F}"
EndProject
Project("{FAE04EC0-301F-11D3-BF4B-00C04F79EFBC}") = "Fakemail.DeliveryAgent.Tests", "Fakemail.DeliveryAgent.Tests\Fakemail.DeliveryAgent.Tests.csproj", "{D8ECA569-6291-4806-B93B-0C7CBEF45F13}"
EndProject
Project("{FAE04EC0-301F-11D3-BF4B-00C04F79EFBC}") = "Fakemail.Cryptography", "Fakemail.UnixSha512Crypt\Fakemail.Cryptography.csproj", "{263CE8F3-55FC-4F54-90A1-161B81D5348E}"
EndProject
Project("{FAE04EC0-301F-11D3-BF4B-00C04F79EFBC}") = "Fakemail.Cryptography.Tests", "Fakemail.UnixCrypt.Tests\Fakemail.Cryptography.Tests.csproj", "{B8BF8AE3-3695-4724-9F68-A8E5494E57D1}"
EndProject
Global
	GlobalSection(SolutionConfigurationPlatforms) = preSolution
		Debug|Any CPU = Debug|Any CPU
		Release|Any CPU = Release|Any CPU
	EndGlobalSection
	GlobalSection(ProjectConfigurationPlatforms) = postSolution
		{A5973EE6-BF34-40F8-981C-57545E2395FF}.Debug|Any CPU.ActiveCfg = Debug|Any CPU
		{A5973EE6-BF34-40F8-981C-57545E2395FF}.Debug|Any CPU.Build.0 = Debug|Any CPU
		{A5973EE6-BF34-40F8-981C-57545E2395FF}.Release|Any CPU.ActiveCfg = Release|Any CPU
		{A5973EE6-BF34-40F8-981C-57545E2395FF}.Release|Any CPU.Build.0 = Release|Any CPU
		{316906F9-8759-4DCB-A26B-B94EDA7B2022}.Debug|Any CPU.ActiveCfg = Debug|Any CPU
		{316906F9-8759-4DCB-A26B-B94EDA7B2022}.Debug|Any CPU.Build.0 = Debug|Any CPU
		{316906F9-8759-4DCB-A26B-B94EDA7B2022}.Release|Any CPU.ActiveCfg = Release|Any CPU
		{316906F9-8759-4DCB-A26B-B94EDA7B2022}.Release|Any CPU.Build.0 = Release|Any CPU
		{47A37961-A494-476E-8F77-1ECF6EE5BB0B}.Debug|Any CPU.ActiveCfg = Debug|Any CPU
		{47A37961-A494-476E-8F77-1ECF6EE5BB0B}.Debug|Any CPU.Build.0 = Debug|Any CPU
		{47A37961-A494-476E-8F77-1ECF6EE5BB0B}.Release|Any CPU.ActiveCfg = Release|Any CPU
		{47A37961-A494-476E-8F77-1ECF6EE5BB0B}.Release|Any CPU.Build.0 = Release|Any CPU
		{4A5A5BBB-F4CD-49D4-9BC6-720D1B9EEAE2}.Debug|Any CPU.ActiveCfg = Debug|Any CPU
		{4A5A5BBB-F4CD-49D4-9BC6-720D1B9EEAE2}.Debug|Any CPU.Build.0 = Debug|Any CPU
		{4A5A5BBB-F4CD-49D4-9BC6-720D1B9EEAE2}.Release|Any CPU.ActiveCfg = Release|Any CPU
		{4A5A5BBB-F4CD-49D4-9BC6-720D1B9EEAE2}.Release|Any CPU.Build.0 = Release|Any CPU
		{50F09750-5AA6-4FDA-A53C-E37824CC61A6}.Debug|Any CPU.ActiveCfg = Debug|Any CPU
		{50F09750-5AA6-4FDA-A53C-E37824CC61A6}.Debug|Any CPU.Build.0 = Debug|Any CPU
		{50F09750-5AA6-4FDA-A53C-E37824CC61A6}.Release|Any CPU.ActiveCfg = Release|Any CPU
		{50F09750-5AA6-4FDA-A53C-E37824CC61A6}.Release|Any CPU.Build.0 = Release|Any CPU
		{AEB2143D-9448-4994-921A-58CA57E52E4B}.Debug|Any CPU.ActiveCfg = Debug|Any CPU
		{AEB2143D-9448-4994-921A-58CA57E52E4B}.Debug|Any CPU.Build.0 = Debug|Any CPU
		{AEB2143D-9448-4994-921A-58CA57E52E4B}.Release|Any CPU.ActiveCfg = Release|Any CPU
		{AEB2143D-9448-4994-921A-58CA57E52E4B}.Release|Any CPU.Build.0 = Release|Any CPU
		{0EEEEBC1-7228-45E3-B4DF-443347C641B2}.Debug|Any CPU.ActiveCfg = Debug|Any CPU
		{0EEEEBC1-7228-45E3-B4DF-443347C641B2}.Debug|Any CPU.Build.0 = Debug|Any CPU
		{0EEEEBC1-7228-45E3-B4DF-443347C641B2}.Release|Any CPU.ActiveCfg = Release|Any CPU
		{0EEEEBC1-7228-45E3-B4DF-443347C641B2}.Release|Any CPU.Build.0 = Release|Any CPU
		{FDC7A4A0-5024-41E0-A851-87183F76E8D9}.Debug|Any CPU.ActiveCfg = Debug|Any CPU
		{FDC7A4A0-5024-41E0-A851-87183F76E8D9}.Debug|Any CPU.Build.0 = Debug|Any CPU
		{FDC7A4A0-5024-41E0-A851-87183F76E8D9}.Release|Any CPU.ActiveCfg = Release|Any CPU
		{FDC7A4A0-5024-41E0-A851-87183F76E8D9}.Release|Any CPU.Build.0 = Release|Any CPU
		{3B9BE731-3B9E-46CD-A860-90F5C56F3754}.Debug|Any CPU.ActiveCfg = Debug|Any CPU
		{3B9BE731-3B9E-46CD-A860-90F5C56F3754}.Debug|Any CPU.Build.0 = Debug|Any CPU
		{3B9BE731-3B9E-46CD-A860-90F5C56F3754}.Release|Any CPU.ActiveCfg = Release|Any CPU
		{3B9BE731-3B9E-46CD-A860-90F5C56F3754}.Release|Any CPU.Build.0 = Release|Any CPU
		{8BD2C96B-B282-4E46-A297-AF08756FEF9F}.Debug|Any CPU.ActiveCfg = Debug|Any CPU
		{8BD2C96B-B282-4E46-A297-AF08756FEF9F}.Debug|Any CPU.Build.0 = Debug|Any CPU
		{8BD2C96B-B282-4E46-A297-AF08756FEF9F}.Release|Any CPU.ActiveCfg = Release|Any CPU
		{8BD2C96B-B282-4E46-A297-AF08756FEF9F}.Release|Any CPU.Build.0 = Release|Any CPU
		{D8ECA569-6291-4806-B93B-0C7CBEF45F13}.Debug|Any CPU.ActiveCfg = Debug|Any CPU
		{D8ECA569-6291-4806-B93B-0C7CBEF45F13}.Debug|Any CPU.Build.0 = Debug|Any CPU
		{D8ECA569-6291-4806-B93B-0C7CBEF45F13}.Release|Any CPU.ActiveCfg = Release|Any CPU
		{D8ECA569-6291-4806-B93B-0C7CBEF45F13}.Release|Any CPU.Build.0 = Release|Any CPU
		{263CE8F3-55FC-4F54-90A1-161B81D5348E}.Debug|Any CPU.ActiveCfg = Debug|Any CPU
		{263CE8F3-55FC-4F54-90A1-161B81D5348E}.Debug|Any CPU.Build.0 = Debug|Any CPU
		{263CE8F3-55FC-4F54-90A1-161B81D5348E}.Release|Any CPU.ActiveCfg = Release|Any CPU
		{263CE8F3-55FC-4F54-90A1-161B81D5348E}.Release|Any CPU.Build.0 = Release|Any CPU
		{B8BF8AE3-3695-4724-9F68-A8E5494E57D1}.Debug|Any CPU.ActiveCfg = Debug|Any CPU
		{B8BF8AE3-3695-4724-9F68-A8E5494E57D1}.Debug|Any CPU.Build.0 = Debug|Any CPU
		{B8BF8AE3-3695-4724-9F68-A8E5494E57D1}.Release|Any CPU.ActiveCfg = Release|Any CPU
		{B8BF8AE3-3695-4724-9F68-A8E5494E57D1}.Release|Any CPU.Build.0 = Release|Any CPU
	EndGlobalSection
	GlobalSection(SolutionProperties) = preSolution
		HideSolutionNode = FALSE
	EndGlobalSection
	GlobalSection(NestedProjects) = preSolution
		{BE16B2F7-A0E9-465A-BD9B-3EA6D9993FEC} = {D8877F8F-F43C-4CCE-96B7-4426D2BBE573}
		{218073D3-A07B-44A0-A503-94B517A9F4BA} = {BE16B2F7-A0E9-465A-BD9B-3EA6D9993FEC}
	EndGlobalSection
	GlobalSection(ExtensibilityGlobals) = postSolution
		SolutionGuid = {19D75FDA-6A5B-4EF6-B40D-EB7E25C13DDC}
	EndGlobalSection
EndGlobal
