
Microsoft Visual Studio Solution File, Format Version 12.00
# Visual Studio Version 16
VisualStudioVersion = 16.0.30128.74
MinimumVisualStudioVersion = 10.0.40219.1
Project("{FAE04EC0-301F-11D3-BF4B-00C04F79EFBC}") = "HtmlGenerator", "HtmlGenerator\HtmlGenerator.csproj", "{A5973EE6-BF34-40F8-981C-57545E2395FF}"
EndProject
Global
	GlobalSection(SolutionConfigurationPlatforms) = preSolution
		Debug|Any CPU = Debug|Any CPU
		Release|Any CPU = Release|Any CPU
	EndGlobalSection
	GlobalSection(ProjectConfigurationPlatforms) = postSolution
		{A5973EE6-BF34-40F8-981C-57545E2395FF}.Debug|Any CPU.ActiveCfg = Debug|Any CPU
		{A5973EE6-BF34-40F8-981C-57545E2395FF}.Debug|Any CPU.Build.0 = Debug|Any CPU
		{A5973EE6-BF34-40F8-981C-57545E2395FF}.Release|Any CPU.ActiveCfg = Release|Any CPU
		{A5973EE6-BF34-40F8-981C-57545E2395FF}.Release|Any CPU.Build.0 = Release|Any CPU
	EndGlobalSection
	GlobalSection(SolutionProperties) = preSolution
		HideSolutionNode = FALSE
	EndGlobalSection
	GlobalSection(ExtensibilityGlobals) = postSolution
		SolutionGuid = {19D75FDA-6A5B-4EF6-B40D-EB7E25C13DDC}
	EndGlobalSection
EndGlobal
